
Microsoft Visual Studio Solution File, Format Version 12.00
# Visual Studio Version 17
VisualStudioVersion = 17.0.32112.339
MinimumVisualStudioVersion = 10.0.40219.1
Project("{9A19103F-16F7-4668-BE54-9A1E7A4F7556}") = "app", "app\app.csproj", "{A553D130-F52F-4C65-9EFA-DE58FAC021FA}"
EndProject
Project("{FAE04EC0-301F-11D3-BF4B-00C04F79EFBC}") = "dominio", "dominio\dominio.csproj", "{91F2F3EB-3054-4187-8E04-0E04EC55ED08}"
EndProject
Project("{FAE04EC0-301F-11D3-BF4B-00C04F79EFBC}") = "service", "service\service.csproj", "{7F390C74-6B61-4479-8840-E57D6B9E56C5}"
EndProject
Project("{FAE04EC0-301F-11D3-BF4B-00C04F79EFBC}") = "repositorio", "repositorio\repositorio.csproj", "{456103BA-9130-4604-8AF7-49632FBAB6BB}"
EndProject
Global
	GlobalSection(SolutionConfigurationPlatforms) = preSolution
		Debug|Any CPU = Debug|Any CPU
		Release|Any CPU = Release|Any CPU
	EndGlobalSection
	GlobalSection(ProjectConfigurationPlatforms) = postSolution
		{A553D130-F52F-4C65-9EFA-DE58FAC021FA}.Debug|Any CPU.ActiveCfg = Debug|Any CPU
		{A553D130-F52F-4C65-9EFA-DE58FAC021FA}.Debug|Any CPU.Build.0 = Debug|Any CPU
		{A553D130-F52F-4C65-9EFA-DE58FAC021FA}.Release|Any CPU.ActiveCfg = Release|Any CPU
		{A553D130-F52F-4C65-9EFA-DE58FAC021FA}.Release|Any CPU.Build.0 = Release|Any CPU
		{91F2F3EB-3054-4187-8E04-0E04EC55ED08}.Debug|Any CPU.ActiveCfg = Debug|Any CPU
		{91F2F3EB-3054-4187-8E04-0E04EC55ED08}.Debug|Any CPU.Build.0 = Debug|Any CPU
		{91F2F3EB-3054-4187-8E04-0E04EC55ED08}.Release|Any CPU.ActiveCfg = Release|Any CPU
		{91F2F3EB-3054-4187-8E04-0E04EC55ED08}.Release|Any CPU.Build.0 = Release|Any CPU
		{7F390C74-6B61-4479-8840-E57D6B9E56C5}.Debug|Any CPU.ActiveCfg = Debug|Any CPU
		{7F390C74-6B61-4479-8840-E57D6B9E56C5}.Debug|Any CPU.Build.0 = Debug|Any CPU
		{7F390C74-6B61-4479-8840-E57D6B9E56C5}.Release|Any CPU.ActiveCfg = Release|Any CPU
		{7F390C74-6B61-4479-8840-E57D6B9E56C5}.Release|Any CPU.Build.0 = Release|Any CPU
		{456103BA-9130-4604-8AF7-49632FBAB6BB}.Debug|Any CPU.ActiveCfg = Debug|Any CPU
		{456103BA-9130-4604-8AF7-49632FBAB6BB}.Debug|Any CPU.Build.0 = Debug|Any CPU
		{456103BA-9130-4604-8AF7-49632FBAB6BB}.Release|Any CPU.ActiveCfg = Release|Any CPU
		{456103BA-9130-4604-8AF7-49632FBAB6BB}.Release|Any CPU.Build.0 = Release|Any CPU
	EndGlobalSection
	GlobalSection(SolutionProperties) = preSolution
		HideSolutionNode = FALSE
	EndGlobalSection
	GlobalSection(ExtensibilityGlobals) = postSolution
		SolutionGuid = {7C7EE55B-9062-4C81-AA39-D7BE0FAB9A46}
	EndGlobalSection
EndGlobal
