
Microsoft Visual Studio Solution File, Format Version 12.00
# Visual Studio Version 17
VisualStudioVersion = 17.0.32112.339
MinimumVisualStudioVersion = 10.0.40219.1
Project("{FAE04EC0-301F-11D3-BF4B-00C04F79EFBC}") = "api", "api\api.csproj", "{9B9F5E33-2CDA-4F75-8338-801798AD293E}"
EndProject
Project("{FAE04EC0-301F-11D3-BF4B-00C04F79EFBC}") = "app", "app\app.csproj", "{08942609-AAE1-4D23-B71D-E39D1A7CF566}"
EndProject
Global
	GlobalSection(SolutionConfigurationPlatforms) = preSolution
		Debug|Any CPU = Debug|Any CPU
		Release|Any CPU = Release|Any CPU
	EndGlobalSection
	GlobalSection(ProjectConfigurationPlatforms) = postSolution
		{9B9F5E33-2CDA-4F75-8338-801798AD293E}.Debug|Any CPU.ActiveCfg = Debug|Any CPU
		{9B9F5E33-2CDA-4F75-8338-801798AD293E}.Debug|Any CPU.Build.0 = Debug|Any CPU
		{9B9F5E33-2CDA-4F75-8338-801798AD293E}.Release|Any CPU.ActiveCfg = Release|Any CPU
		{9B9F5E33-2CDA-4F75-8338-801798AD293E}.Release|Any CPU.Build.0 = Release|Any CPU
		{08942609-AAE1-4D23-B71D-E39D1A7CF566}.Debug|Any CPU.ActiveCfg = Debug|Any CPU
		{08942609-AAE1-4D23-B71D-E39D1A7CF566}.Debug|Any CPU.Build.0 = Debug|Any CPU
		{08942609-AAE1-4D23-B71D-E39D1A7CF566}.Release|Any CPU.ActiveCfg = Release|Any CPU
		{08942609-AAE1-4D23-B71D-E39D1A7CF566}.Release|Any CPU.Build.0 = Release|Any CPU
	EndGlobalSection
	GlobalSection(SolutionProperties) = preSolution
		HideSolutionNode = FALSE
	EndGlobalSection
	GlobalSection(ExtensibilityGlobals) = postSolution
		SolutionGuid = {7C7EE55B-9062-4C81-AA39-D7BE0FAB9A46}
	EndGlobalSection
EndGlobal
