
Microsoft Visual Studio Solution File, Format Version 12.00
# Visual Studio Version 17
VisualStudioVersion = 17.0.32112.339
MinimumVisualStudioVersion = 10.0.40219.1
Project("{9A19103F-16F7-4668-BE54-9A1E7A4F7556}") = "api", "api\api.csproj", "{9B9F5E33-2CDA-4F75-8338-801798AD293E}"
EndProject
Project("{9A19103F-16F7-4668-BE54-9A1E7A4F7556}") = "app", "app\app.csproj", "{08942609-AAE1-4D23-B71D-E39D1A7CF566}"
EndProject
Project("{9A19103F-16F7-4668-BE54-9A1E7A4F7556}") = "test", "test\test.csproj", "{1D4F20EE-9463-4E06-805F-F4CADF503164}"
EndProject
Project("{2150E333-8FDC-42A3-9474-1A3956D46DE8}") = "Solution Items", "Solution Items", "{8B004C85-9684-409C-B8C8-01BD3A8F6DFA}"
	ProjectSection(SolutionItems) = preProject
		.editorconfig = .editorconfig
	EndProjectSection
EndProject
Project("{FAE04EC0-301F-11D3-BF4B-00C04F79EFBC}") = "auth", "auth\auth.csproj", "{1C2F7ED1-31B7-4274-BD2A-388700259656}"
EndProject
Global
	GlobalSection(SolutionConfigurationPlatforms) = preSolution
		Debug|Any CPU = Debug|Any CPU
		Release|Any CPU = Release|Any CPU
	EndGlobalSection
	GlobalSection(ProjectConfigurationPlatforms) = postSolution
		{9B9F5E33-2CDA-4F75-8338-801798AD293E}.Debug|Any CPU.ActiveCfg = Debug|Any CPU
		{9B9F5E33-2CDA-4F75-8338-801798AD293E}.Debug|Any CPU.Build.0 = Debug|Any CPU
		{9B9F5E33-2CDA-4F75-8338-801798AD293E}.Release|Any CPU.ActiveCfg = Release|Any CPU
		{9B9F5E33-2CDA-4F75-8338-801798AD293E}.Release|Any CPU.Build.0 = Release|Any CPU
		{08942609-AAE1-4D23-B71D-E39D1A7CF566}.Debug|Any CPU.ActiveCfg = Debug|Any CPU
		{08942609-AAE1-4D23-B71D-E39D1A7CF566}.Debug|Any CPU.Build.0 = Debug|Any CPU
		{08942609-AAE1-4D23-B71D-E39D1A7CF566}.Release|Any CPU.ActiveCfg = Release|Any CPU
		{08942609-AAE1-4D23-B71D-E39D1A7CF566}.Release|Any CPU.Build.0 = Release|Any CPU
		{1D4F20EE-9463-4E06-805F-F4CADF503164}.Debug|Any CPU.ActiveCfg = Debug|Any CPU
		{1D4F20EE-9463-4E06-805F-F4CADF503164}.Debug|Any CPU.Build.0 = Debug|Any CPU
		{1D4F20EE-9463-4E06-805F-F4CADF503164}.Release|Any CPU.ActiveCfg = Release|Any CPU
		{1D4F20EE-9463-4E06-805F-F4CADF503164}.Release|Any CPU.Build.0 = Release|Any CPU
		{1C2F7ED1-31B7-4274-BD2A-388700259656}.Debug|Any CPU.ActiveCfg = Debug|Any CPU
		{1C2F7ED1-31B7-4274-BD2A-388700259656}.Debug|Any CPU.Build.0 = Debug|Any CPU
		{1C2F7ED1-31B7-4274-BD2A-388700259656}.Release|Any CPU.ActiveCfg = Release|Any CPU
		{1C2F7ED1-31B7-4274-BD2A-388700259656}.Release|Any CPU.Build.0 = Release|Any CPU
	EndGlobalSection
	GlobalSection(SolutionProperties) = preSolution
		HideSolutionNode = FALSE
	EndGlobalSection
	GlobalSection(ExtensibilityGlobals) = postSolution
		SolutionGuid = {7C7EE55B-9062-4C81-AA39-D7BE0FAB9A46}
	EndGlobalSection
EndGlobal
